// !$*UTF8*$!
{
	archiveVersion = 1;
	classes = {
	};
	objectVersion = 50;
	objects = {

/* Begin PBXBuildFile section */
		B05E0B0124E8D0AC003519D6 /* EditViewController.m in Sources */ = {isa = PBXBuildFile; fileRef = B05E0B0024E8D0AC003519D6 /* EditViewController.m */; };
		B05E12E024E90731003519D6 /* RingsDataCache.m in Sources */ = {isa = PBXBuildFile; fileRef = B05E12DF24E90731003519D6 /* RingsDataCache.m */; };
		B05E12E224E917EE003519D6 /* FourthViewController.m in Sources */ = {isa = PBXBuildFile; fileRef = B05E12E124E917EE003519D6 /* FourthViewController.m */; };
		B05E12E524E93528003519D6 /* RootViewController.m in Sources */ = {isa = PBXBuildFile; fileRef = B05E12E424E93528003519D6 /* RootViewController.m */; };
		B084D4FF24E8B4C300900A01 /* AppDelegate.m in Sources */ = {isa = PBXBuildFile; fileRef = B084D4FE24E8B4C300900A01 /* AppDelegate.m */; };
		B084D50224E8B4C300900A01 /* SceneDelegate.m in Sources */ = {isa = PBXBuildFile; fileRef = B084D50124E8B4C300900A01 /* SceneDelegate.m */; };
		B084D50B24E8B4C300900A01 /* Main.storyboard in Resources */ = {isa = PBXBuildFile; fileRef = B084D50924E8B4C300900A01 /* Main.storyboard */; };
		B084D50D24E8B4C400900A01 /* Assets.xcassets in Resources */ = {isa = PBXBuildFile; fileRef = B084D50C24E8B4C400900A01 /* Assets.xcassets */; };
		B084D51024E8B4C400900A01 /* LaunchScreen.storyboard in Resources */ = {isa = PBXBuildFile; fileRef = B084D50E24E8B4C400900A01 /* LaunchScreen.storyboard */; };
		B084D51324E8B4C400900A01 /* main.m in Sources */ = {isa = PBXBuildFile; fileRef = B084D51224E8B4C400900A01 /* main.m */; };
		B084D52924E8B99200900A01 /* FirstViewController.m in Sources */ = {isa = PBXBuildFile; fileRef = B084D52224E8B99200900A01 /* FirstViewController.m */; };
		B084D52B24E8B99200900A01 /* SecondViewController.m in Sources */ = {isa = PBXBuildFile; fileRef = B084D52724E8B99200900A01 /* SecondViewController.m */; };
/* End PBXBuildFile section */

/* Begin PBXFileReference section */
		B05E0AFF24E8D0AC003519D6 /* EditViewController.h */ = {isa = PBXFileReference; lastKnownFileType = sourcecode.c.h; path = EditViewController.h; sourceTree = "<group>"; };
		B05E0B0024E8D0AC003519D6 /* EditViewController.m */ = {isa = PBXFileReference; lastKnownFileType = sourcecode.c.objc; path = EditViewController.m; sourceTree = "<group>"; };
		B05E12DE24E90731003519D6 /* RingsDataCache.h */ = {isa = PBXFileReference; lastKnownFileType = sourcecode.c.h; path = RingsDataCache.h; sourceTree = "<group>"; };
		B05E12DF24E90731003519D6 /* RingsDataCache.m */ = {isa = PBXFileReference; lastKnownFileType = sourcecode.c.objc; path = RingsDataCache.m; sourceTree = "<group>"; };
		B05E12E124E917EE003519D6 /* FourthViewController.m */ = {isa = PBXFileReference; fileEncoding = 4; lastKnownFileType = sourcecode.c.objc; path = FourthViewController.m; sourceTree = "<group>"; };
		B05E12E324E93528003519D6 /* RootViewController.h */ = {isa = PBXFileReference; lastKnownFileType = sourcecode.c.h; path = RootViewController.h; sourceTree = "<group>"; };
		B05E12E424E93528003519D6 /* RootViewController.m */ = {isa = PBXFileReference; lastKnownFileType = sourcecode.c.objc; path = RootViewController.m; sourceTree = "<group>"; };
		B084D4FA24E8B4C300900A01 /* Zmilk.app */ = {isa = PBXFileReference; explicitFileType = wrapper.application; includeInIndex = 0; path = Zmilk.app; sourceTree = BUILT_PRODUCTS_DIR; };
		B084D4FD24E8B4C300900A01 /* AppDelegate.h */ = {isa = PBXFileReference; lastKnownFileType = sourcecode.c.h; path = AppDelegate.h; sourceTree = "<group>"; };
		B084D4FE24E8B4C300900A01 /* AppDelegate.m */ = {isa = PBXFileReference; lastKnownFileType = sourcecode.c.objc; path = AppDelegate.m; sourceTree = "<group>"; };
		B084D50024E8B4C300900A01 /* SceneDelegate.h */ = {isa = PBXFileReference; lastKnownFileType = sourcecode.c.h; path = SceneDelegate.h; sourceTree = "<group>"; };
		B084D50124E8B4C300900A01 /* SceneDelegate.m */ = {isa = PBXFileReference; lastKnownFileType = sourcecode.c.objc; path = SceneDelegate.m; sourceTree = "<group>"; };
		B084D50A24E8B4C300900A01 /* Base */ = {isa = PBXFileReference; lastKnownFileType = file.storyboard; name = Base; path = Base.lproj/Main.storyboard; sourceTree = "<group>"; };
		B084D50C24E8B4C400900A01 /* Assets.xcassets */ = {isa = PBXFileReference; lastKnownFileType = folder.assetcatalog; path = Assets.xcassets; sourceTree = "<group>"; };
		B084D50F24E8B4C400900A01 /* Base */ = {isa = PBXFileReference; lastKnownFileType = file.storyboard; name = Base; path = Base.lproj/LaunchScreen.storyboard; sourceTree = "<group>"; };
		B084D51124E8B4C400900A01 /* Info.plist */ = {isa = PBXFileReference; lastKnownFileType = text.plist.xml; path = Info.plist; sourceTree = "<group>"; };
		B084D51224E8B4C400900A01 /* main.m */ = {isa = PBXFileReference; lastKnownFileType = sourcecode.c.objc; path = main.m; sourceTree = "<group>"; };
		B084D52124E8B99200900A01 /* SecondViewController.h */ = {isa = PBXFileReference; fileEncoding = 4; lastKnownFileType = sourcecode.c.h; path = SecondViewController.h; sourceTree = "<group>"; };
		B084D52224E8B99200900A01 /* FirstViewController.m */ = {isa = PBXFileReference; fileEncoding = 4; lastKnownFileType = sourcecode.c.objc; path = FirstViewController.m; sourceTree = "<group>"; };
		B084D52324E8B99200900A01 /* FourthViewController.h */ = {isa = PBXFileReference; fileEncoding = 4; lastKnownFileType = sourcecode.c.h; path = FourthViewController.h; sourceTree = "<group>"; };
		B084D52424E8B99200900A01 /* FirstViewController.h */ = {isa = PBXFileReference; fileEncoding = 4; lastKnownFileType = sourcecode.c.h; path = FirstViewController.h; sourceTree = "<group>"; };
		B084D52724E8B99200900A01 /* SecondViewController.m */ = {isa = PBXFileReference; fileEncoding = 4; lastKnownFileType = sourcecode.c.objc; path = SecondViewController.m; sourceTree = "<group>"; };
/* End PBXFileReference section */

/* Begin PBXFrameworksBuildPhase section */
		B084D4F724E8B4C300900A01 /* Frameworks */ = {
			isa = PBXFrameworksBuildPhase;
			buildActionMask = 2147483647;
			files = (
			);
			runOnlyForDeploymentPostprocessing = 0;
		};
/* End PBXFrameworksBuildPhase section */

/* Begin PBXGroup section */
		B05E0AFE24E8D07D003519D6 /* popView */ = {
			isa = PBXGroup;
			children = (
				B05E0AFF24E8D0AC003519D6 /* EditViewController.h */,
				B05E0B0024E8D0AC003519D6 /* EditViewController.m */,
			);
			path = popView;
			sourceTree = "<group>";
		};
		B084D4F124E8B4C300900A01 = {
			isa = PBXGroup;
			children = (
				B084D4FC24E8B4C300900A01 /* Zmilk */,
				B084D4FB24E8B4C300900A01 /* Products */,
			);
			sourceTree = "<group>";
		};
		B084D4FB24E8B4C300900A01 /* Products */ = {
			isa = PBXGroup;
			children = (
				B084D4FA24E8B4C300900A01 /* Zmilk.app */,
			);
			name = Products;
			sourceTree = "<group>";
		};
		B084D4FC24E8B4C300900A01 /* Zmilk */ = {
			isa = PBXGroup;
			children = (
				B084D4FD24E8B4C300900A01 /* AppDelegate.h */,
				B084D4FE24E8B4C300900A01 /* AppDelegate.m */,
				B084D50024E8B4C300900A01 /* SceneDelegate.h */,
				B084D50124E8B4C300900A01 /* SceneDelegate.m */,
				B05E0AFE24E8D07D003519D6 /* popView */,
				B084D52024E8B96A00900A01 /* rootViewController */,
				B084D51F24E8B94700900A01 /* cacheData */,
				B084D50924E8B4C300900A01 /* Main.storyboard */,
				B084D50C24E8B4C400900A01 /* Assets.xcassets */,
				B084D50E24E8B4C400900A01 /* LaunchScreen.storyboard */,
				B084D51124E8B4C400900A01 /* Info.plist */,
				B084D51224E8B4C400900A01 /* main.m */,
			);
			path = Zmilk;
			sourceTree = "<group>";
		};
		B084D51F24E8B94700900A01 /* cacheData */ = {
			isa = PBXGroup;
			children = (
				B05E12DE24E90731003519D6 /* RingsDataCache.h */,
				B05E12DF24E90731003519D6 /* RingsDataCache.m */,
			);
			path = cacheData;
			sourceTree = "<group>";
		};
		B084D52024E8B96A00900A01 /* rootViewController */ = {
			isa = PBXGroup;
			children = (
				B084D52424E8B99200900A01 /* FirstViewController.h */,
				B084D52224E8B99200900A01 /* FirstViewController.m */,
				B084D52124E8B99200900A01 /* SecondViewController.h */,
				B084D52724E8B99200900A01 /* SecondViewController.m */,
				B084D52324E8B99200900A01 /* FourthViewController.h */,
				B05E12E124E917EE003519D6 /* FourthViewController.m */,
				B05E12E324E93528003519D6 /* RootViewController.h */,
				B05E12E424E93528003519D6 /* RootViewController.m */,
			);
			path = rootViewController;
			sourceTree = "<group>";
		};
/* End PBXGroup section */

/* Begin PBXNativeTarget section */
		B084D4F924E8B4C300900A01 /* Zmilk */ = {
			isa = PBXNativeTarget;
			buildConfigurationList = B084D51624E8B4C400900A01 /* Build configuration list for PBXNativeTarget "Zmilk" */;
			buildPhases = (
				B084D4F624E8B4C300900A01 /* Sources */,
				B084D4F724E8B4C300900A01 /* Frameworks */,
				B084D4F824E8B4C300900A01 /* Resources */,
			);
			buildRules = (
			);
			dependencies = (
			);
			name = Zmilk;
			productName = Zmilk;
			productReference = B084D4FA24E8B4C300900A01 /* Zmilk.app */;
			productType = "com.apple.product-type.application";
		};
/* End PBXNativeTarget section */

/* Begin PBXProject section */
		B084D4F224E8B4C300900A01 /* Project object */ = {
			isa = PBXProject;
			attributes = {
				LastUpgradeCheck = 1160;
				ORGANIZATIONNAME = zll;
				TargetAttributes = {
					B084D4F924E8B4C300900A01 = {
						CreatedOnToolsVersion = 11.6;
					};
				};
			};
			buildConfigurationList = B084D4F524E8B4C300900A01 /* Build configuration list for PBXProject "Zmilk" */;
			compatibilityVersion = "Xcode 9.3";
			developmentRegion = en;
			hasScannedForEncodings = 0;
			knownRegions = (
				en,
				Base,
			);
			mainGroup = B084D4F124E8B4C300900A01;
			productRefGroup = B084D4FB24E8B4C300900A01 /* Products */;
			projectDirPath = "";
			projectRoot = "";
			targets = (
				B084D4F924E8B4C300900A01 /* Zmilk */,
			);
		};
/* End PBXProject section */

/* Begin PBXResourcesBuildPhase section */
		B084D4F824E8B4C300900A01 /* Resources */ = {
			isa = PBXResourcesBuildPhase;
			buildActionMask = 2147483647;
			files = (
				B084D51024E8B4C400900A01 /* LaunchScreen.storyboard in Resources */,
				B084D50D24E8B4C400900A01 /* Assets.xcassets in Resources */,
				B084D50B24E8B4C300900A01 /* Main.storyboard in Resources */,
			);
			runOnlyForDeploymentPostprocessing = 0;
		};
/* End PBXResourcesBuildPhase section */

/* Begin PBXSourcesBuildPhase section */
		B084D4F624E8B4C300900A01 /* Sources */ = {
			isa = PBXSourcesBuildPhase;
			buildActionMask = 2147483647;
			files = (
				B05E12E224E917EE003519D6 /* FourthViewController.m in Sources */,
				B084D52B24E8B99200900A01 /* SecondViewController.m in Sources */,
				B05E12E024E90731003519D6 /* RingsDataCache.m in Sources */,
				B084D51324E8B4C400900A01 /* main.m in Sources */,
				B084D4FF24E8B4C300900A01 /* AppDelegate.m in Sources */,
				B05E12E524E93528003519D6 /* RootViewController.m in Sources */,
				B084D50224E8B4C300900A01 /* SceneDelegate.m in Sources */,
				B05E0B0124E8D0AC003519D6 /* EditViewController.m in Sources */,
				B084D52924E8B99200900A01 /* FirstViewController.m in Sources */,
			);
			runOnlyForDeploymentPostprocessing = 0;
		};
/* End PBXSourcesBuildPhase section */

/* Begin PBXVariantGroup section */
		B084D50924E8B4C300900A01 /* Main.storyboard */ = {
			isa = PBXVariantGroup;
			children = (
				B084D50A24E8B4C300900A01 /* Base */,
			);
			name = Main.storyboard;
			sourceTree = "<group>";
		};
		B084D50E24E8B4C400900A01 /* LaunchScreen.storyboard */ = {
			isa = PBXVariantGroup;
			children = (
				B084D50F24E8B4C400900A01 /* Base */,
			);
			name = LaunchScreen.storyboard;
			sourceTree = "<group>";
		};
/* End PBXVariantGroup section */

/* Begin XCBuildConfiguration section */
		B084D51424E8B4C400900A01 /* Debug */ = {
			isa = XCBuildConfiguration;
			buildSettings = {
				ALWAYS_SEARCH_USER_PATHS = NO;
				CLANG_ANALYZER_NONNULL = YES;
				CLANG_ANALYZER_NUMBER_OBJECT_CONVERSION = YES_AGGRESSIVE;
				CLANG_CXX_LANGUAGE_STANDARD = "gnu++14";
				CLANG_CXX_LIBRARY = "libc++";
				CLANG_ENABLE_MODULES = YES;
				CLANG_ENABLE_OBJC_ARC = YES;
				CLANG_ENABLE_OBJC_WEAK = YES;
				CLANG_WARN_BLOCK_CAPTURE_AUTORELEASING = YES;
				CLANG_WARN_BOOL_CONVERSION = YES;
				CLANG_WARN_COMMA = YES;
				CLANG_WARN_CONSTANT_CONVERSION = YES;
				CLANG_WARN_DEPRECATED_OBJC_IMPLEMENTATIONS = YES;
				CLANG_WARN_DIRECT_OBJC_ISA_USAGE = YES_ERROR;
				CLANG_WARN_DOCUMENTATION_COMMENTS = YES;
				CLANG_WARN_EMPTY_BODY = YES;
				CLANG_WARN_ENUM_CONVERSION = YES;
				CLANG_WARN_INFINITE_RECURSION = YES;
				CLANG_WARN_INT_CONVERSION = YES;
				CLANG_WARN_NON_LITERAL_NULL_CONVERSION = YES;
				CLANG_WARN_OBJC_IMPLICIT_RETAIN_SELF = YES;
				CLANG_WARN_OBJC_LITERAL_CONVERSION = YES;
				CLANG_WARN_OBJC_ROOT_CLASS = YES_ERROR;
				CLANG_WARN_RANGE_LOOP_ANALYSIS = YES;
				CLANG_WARN_STRICT_PROTOTYPES = YES;
				CLANG_WARN_SUSPICIOUS_MOVE = YES;
				CLANG_WARN_UNGUARDED_AVAILABILITY = YES_AGGRESSIVE;
				CLANG_WARN_UNREACHABLE_CODE = YES;
				CLANG_WARN__DUPLICATE_METHOD_MATCH = YES;
				COPY_PHASE_STRIP = NO;
				DEBUG_INFORMATION_FORMAT = dwarf;
				ENABLE_STRICT_OBJC_MSGSEND = YES;
				ENABLE_TESTABILITY = YES;
				GCC_C_LANGUAGE_STANDARD = gnu11;
				GCC_DYNAMIC_NO_PIC = NO;
				GCC_NO_COMMON_BLOCKS = YES;
				GCC_OPTIMIZATION_LEVEL = 0;
				GCC_PREPROCESSOR_DEFINITIONS = (
					"DEBUG=1",
					"$(inherited)",
				);
				GCC_WARN_64_TO_32_BIT_CONVERSION = YES;
				GCC_WARN_ABOUT_RETURN_TYPE = YES_ERROR;
				GCC_WARN_UNDECLARED_SELECTOR = YES;
				GCC_WARN_UNINITIALIZED_AUTOS = YES_AGGRESSIVE;
				GCC_WARN_UNUSED_FUNCTION = YES;
				GCC_WARN_UNUSED_VARIABLE = YES;
				IPHONEOS_DEPLOYMENT_TARGET = 9.0;
				MTL_ENABLE_DEBUG_INFO = INCLUDE_SOURCE;
				MTL_FAST_MATH = YES;
				ONLY_ACTIVE_ARCH = YES;
				SDKROOT = iphoneos;
			};
			name = Debug;
		};
		B084D51524E8B4C400900A01 /* Release */ = {
			isa = XCBuildConfiguration;
			buildSettings = {
				ALWAYS_SEARCH_USER_PATHS = NO;
				CLANG_ANALYZER_NONNULL = YES;
				CLANG_ANALYZER_NUMBER_OBJECT_CONVERSION = YES_AGGRESSIVE;
				CLANG_CXX_LANGUAGE_STANDARD = "gnu++14";
				CLANG_CXX_LIBRARY = "libc++";
				CLANG_ENABLE_MODULES = YES;
				CLANG_ENABLE_OBJC_ARC = YES;
				CLANG_ENABLE_OBJC_WEAK = YES;
				CLANG_WARN_BLOCK_CAPTURE_AUTORELEASING = YES;
				CLANG_WARN_BOOL_CONVERSION = YES;
				CLANG_WARN_COMMA = YES;
				CLANG_WARN_CONSTANT_CONVERSION = YES;
				CLANG_WARN_DEPRECATED_OBJC_IMPLEMENTATIONS = YES;
				CLANG_WARN_DIRECT_OBJC_ISA_USAGE = YES_ERROR;
				CLANG_WARN_DOCUMENTATION_COMMENTS = YES;
				CLANG_WARN_EMPTY_BODY = YES;
				CLANG_WARN_ENUM_CONVERSION = YES;
				CLANG_WARN_INFINITE_RECURSION = YES;
				CLANG_WARN_INT_CONVERSION = YES;
				CLANG_WARN_NON_LITERAL_NULL_CONVERSION = YES;
				CLANG_WARN_OBJC_IMPLICIT_RETAIN_SELF = YES;
				CLANG_WARN_OBJC_LITERAL_CONVERSION = YES;
				CLANG_WARN_OBJC_ROOT_CLASS = YES_ERROR;
				CLANG_WARN_RANGE_LOOP_ANALYSIS = YES;
				CLANG_WARN_STRICT_PROTOTYPES = YES;
				CLANG_WARN_SUSPICIOUS_MOVE = YES;
				CLANG_WARN_UNGUARDED_AVAILABILITY = YES_AGGRESSIVE;
				CLANG_WARN_UNREACHABLE_CODE = YES;
				CLANG_WARN__DUPLICATE_METHOD_MATCH = YES;
				COPY_PHASE_STRIP = NO;
				DEBUG_INFORMATION_FORMAT = "dwarf-with-dsym";
				ENABLE_NS_ASSERTIONS = NO;
				ENABLE_STRICT_OBJC_MSGSEND = YES;
				GCC_C_LANGUAGE_STANDARD = gnu11;
				GCC_NO_COMMON_BLOCKS = YES;
				GCC_WARN_64_TO_32_BIT_CONVERSION = YES;
				GCC_WARN_ABOUT_RETURN_TYPE = YES_ERROR;
				GCC_WARN_UNDECLARED_SELECTOR = YES;
				GCC_WARN_UNINITIALIZED_AUTOS = YES_AGGRESSIVE;
				GCC_WARN_UNUSED_FUNCTION = YES;
				GCC_WARN_UNUSED_VARIABLE = YES;
				IPHONEOS_DEPLOYMENT_TARGET = 9.0;
				MTL_ENABLE_DEBUG_INFO = NO;
				MTL_FAST_MATH = YES;
				SDKROOT = iphoneos;
				VALIDATE_PRODUCT = YES;
			};
			name = Release;
		};
		B084D51724E8B4C400900A01 /* Debug */ = {
			isa = XCBuildConfiguration;
			buildSettings = {
				ASSETCATALOG_COMPILER_APPICON_NAME = AppIcon;
				CODE_SIGN_STYLE = Automatic;
				INFOPLIST_FILE = Zmilk/Info.plist;
				LD_RUNPATH_SEARCH_PATHS = (
					"$(inherited)",
					"@executable_path/Frameworks",
				);
				PRODUCT_BUNDLE_IDENTIFIER = zll.Zmilk;
				PRODUCT_NAME = "$(TARGET_NAME)";
				TARGETED_DEVICE_FAMILY = "1,2";
			};
			name = Debug;
		};
		B084D51824E8B4C400900A01 /* Release */ = {
			isa = XCBuildConfiguration;
			buildSettings = {
				ASSETCATALOG_COMPILER_APPICON_NAME = AppIcon;
				CODE_SIGN_STYLE = Automatic;
				INFOPLIST_FILE = Zmilk/Info.plist;
				LD_RUNPATH_SEARCH_PATHS = (
					"$(inherited)",
					"@executable_path/Frameworks",
				);
				PRODUCT_BUNDLE_IDENTIFIER = zll.Zmilk;
				PRODUCT_NAME = "$(TARGET_NAME)";
				TARGETED_DEVICE_FAMILY = "1,2";
			};
			name = Release;
		};
/* End XCBuildConfiguration section */

/* Begin XCConfigurationList section */
		B084D4F524E8B4C300900A01 /* Build configuration list for PBXProject "Zmilk" */ = {
			isa = XCConfigurationList;
			buildConfigurations = (
				B084D51424E8B4C400900A01 /* Debug */,
				B084D51524E8B4C400900A01 /* Release */,
			);
			defaultConfigurationIsVisible = 0;
			defaultConfigurationName = Release;
		};
		B084D51624E8B4C400900A01 /* Build configuration list for PBXNativeTarget "Zmilk" */ = {
			isa = XCConfigurationList;
			buildConfigurations = (
				B084D51724E8B4C400900A01 /* Debug */,
				B084D51824E8B4C400900A01 /* Release */,
			);
			defaultConfigurationIsVisible = 0;
			defaultConfigurationName = Release;
		};
/* End XCConfigurationList section */
	};
	rootObject = B084D4F224E8B4C300900A01 /* Project object */;
}
